
Microsoft Visual Studio Solution File, Format Version 12.00
# Visual Studio Version 17
VisualStudioVersion = 17.14.36301.6 d17.14
MinimumVisualStudioVersion = 10.0.40219.1
Project("{FAE04EC0-301F-11D3-BF4B-00C04F79EFBC}") = "Topic 1 Assignment", "Topic 1 Assignment\Topic 1 Assignment.csproj", "{A2BB3571-E7FA-4642-A548-9A48D4DA310C}"
EndProject
Global
	GlobalSection(SolutionConfigurationPlatforms) = preSolution
		Debug|Any CPU = Debug|Any CPU
		Release|Any CPU = Release|Any CPU
	EndGlobalSection
	GlobalSection(ProjectConfigurationPlatforms) = postSolution
		{A2BB3571-E7FA-4642-A548-9A48D4DA310C}.Debug|Any CPU.ActiveCfg = Debug|Any CPU
		{A2BB3571-E7FA-4642-A548-9A48D4DA310C}.Debug|Any CPU.Build.0 = Debug|Any CPU
		{A2BB3571-E7FA-4642-A548-9A48D4DA310C}.Release|Any CPU.ActiveCfg = Release|Any CPU
		{A2BB3571-E7FA-4642-A548-9A48D4DA310C}.Release|Any CPU.Build.0 = Release|Any CPU
	EndGlobalSection
	GlobalSection(SolutionProperties) = preSolution
		HideSolutionNode = FALSE
	EndGlobalSection
	GlobalSection(ExtensibilityGlobals) = postSolution
		SolutionGuid = {E4A7C537-A2F7-42C3-88C4-504152201F80}
	EndGlobalSection
EndGlobal
